{
  "nodes": {
    "luci-theme-argon": {
      "flake": false,
      "locked": {
        "lastModified": 1770113428,
        "narHash": "sha256-OyIfPB2c0YjrL4Zj7L8hqDbMKLtjNkW6UGqkySUrkEc=",
        "owner": "jerrykuku",
        "repo": "luci-theme-argon",
        "rev": "7aba78ccb84297496f63e1dacefe64c89d83d72e",
        "type": "github"
      },
      "original": {
        "owner": "jerrykuku",
        "repo": "luci-theme-argon",
        "type": "github"
      }
    },
    "nixpkgs": {
      "locked": {
        "lastModified": 1771369470,
        "narHash": "sha256-0NBlEBKkN3lufyvFegY4TYv5mCNHbi5OmBDrzihbBMQ=",
        "owner": "NixOS",
        "repo": "nixpkgs",
        "rev": "0182a361324364ae3f436a63005877674cf45efb",
        "type": "github"
      },
      "original": {
        "owner": "NixOS",
        "ref": "nixos-unstable",
        "repo": "nixpkgs",
        "type": "github"
      }
    },
    "nss-packages": {
      "flake": false,
      "locked": {
        "lastModified": 1767397179,
        "narHash": "sha256-EV/yaLHx31dcNAM1A6W6EiYzqhSYnEYXXl3uZCW1DZE=",
        "owner": "qosmio",
        "repo": "nss-packages",
        "rev": "0d970dbf0185e3f53709bd803e8a466598023c57",
        "type": "github"
      },
      "original": {
        "owner": "qosmio",
        "ref": "NSS-12.5-K6.x",
        "repo": "nss-packages",
        "type": "github"
      }
    },
    "openwrt-luci": {
      "flake": false,
      "locked": {
        "lastModified": 1771778939,
        "narHash": "sha256-RIF3l3qvZeKeq1TKXoj113AL5JMviZYfPXFaaupIYM8=",
        "owner": "openwrt",
        "repo": "luci",
        "rev": "d2b850b69c8835428828fc8b5c801556763a8d44",
        "type": "github"
      },
      "original": {
        "owner": "openwrt",
        "repo": "luci",
        "type": "github"
      }
    },
    "openwrt-packages": {
      "flake": false,
      "locked": {
        "lastModified": 1771834457,
        "narHash": "sha256-NwGF/6pzFz0rn5GRF+HDCgIgDu5M3FLBVDHgbuGvVkM=",
        "owner": "openwrt",
        "repo": "packages",
        "rev": "3c322251909c2092fea3e2f3993b272370f590f9",
        "type": "github"
      },
      "original": {
        "owner": "openwrt",
        "repo": "packages",
        "type": "github"
      }
    },
    "openwrt-routing": {
      "flake": false,
      "locked": {
        "lastModified": 1771320806,
        "narHash": "sha256-NDfb5gfv08iO7ODEq+o5iXZudmmpScLM0DcHJEozfj0=",
        "owner": "openwrt",
        "repo": "routing",
        "rev": "6a5019a37b60cfee037877c28e8b91d686f52741",
        "type": "github"
      },
      "original": {
        "owner": "openwrt",
        "repo": "routing",
        "type": "github"
      }
    },
    "openwrt-source": {
      "flake": false,
      "locked": {
        "lastModified": 1771640577,
        "narHash": "sha256-q1sbN2PhdItkQ+/7PehsYAYnzccVP/GM/gkrRa8A4kM=",
        "owner": "qosmio",
        "repo": "openwrt-ipq",
        "rev": "68e99eaed8f08b15a6bb44d1de27f74c33b0c072",
        "type": "github"
      },
      "original": {
        "owner": "qosmio",
        "ref": "main-nss",
        "repo": "openwrt-ipq",
        "type": "github"
      }
    },
    "root": {
      "inputs": {
        "luci-theme-argon": "luci-theme-argon",
        "nixpkgs": "nixpkgs",
        "nss-packages": "nss-packages",
        "openwrt-luci": "openwrt-luci",
        "openwrt-packages": "openwrt-packages",
        "openwrt-routing": "openwrt-routing",
        "openwrt-source": "openwrt-source",
        "sqm-scripts-nss": "sqm-scripts-nss"
      }
    },
    "sqm-scripts-nss": {
      "flake": false,
      "locked": {
        "lastModified": 1715506581,
        "narHash": "sha256-o70tpGBilTTFgfKflUwfUYB8E1/Ri6SQDGtZCi3Zh68=",
        "owner": "qosmio",
        "repo": "sqm-scripts-nss",
        "rev": "4b4ed8639229be5e70cf94b73cdf7dbc09e66d5d",
        "type": "github"
      },
      "original": {
        "owner": "qosmio",
        "repo": "sqm-scripts-nss",
        "type": "github"
      }
    }
  },
  "root": "root",
  "version": 7
}
