{
  "nodes": {
    "nixpkgs": {
      "locked": {
        "lastModified": 1771369470,
        "narHash": "sha256-0NBlEBKkN3lufyvFegY4TYv5mCNHbi5OmBDrzihbBMQ=",
        "owner": "NixOS",
        "repo": "nixpkgs",
        "rev": "0182a361324364ae3f436a63005877674cf45efb",
        "type": "github"
      },
      "original": {
        "owner": "NixOS",
        "ref": "nixos-unstable",
        "repo": "nixpkgs",
        "type": "github"
      }
    },
    "nss-packages": {
      "flake": false,
      "locked": {
        "lastModified": 1767397179,
        "narHash": "sha256-EV/yaLHx31dcNAM1A6W6EiYzqhSYnEYXXl3uZCW1DZE=",
        "owner": "qosmio",
        "repo": "nss-packages",
        "rev": "0d970dbf0185e3f53709bd803e8a466598023c57",
        "type": "github"
      },
      "original": {
        "owner": "qosmio",
        "ref": "NSS-12.5-K6.x",
        "repo": "nss-packages",
        "type": "github"
      }
    },
    "openwrt-luci": {
      "flake": false,
      "locked": {
        "lastModified": 1771556180,
        "narHash": "sha256-E++RshjWbpH4E82L+IlJ3xgMqY8A9iqiT1195TLsiQg=",
        "owner": "openwrt",
        "repo": "luci",
        "rev": "89ab7fd2d65c896736b152eca0ec5d588dc4aaff",
        "type": "github"
      },
      "original": {
        "owner": "openwrt",
        "repo": "luci",
        "type": "github"
      }
    },
    "openwrt-packages": {
      "flake": false,
      "locked": {
        "lastModified": 1771542653,
        "narHash": "sha256-pQY+ZFHCYAAmFdG7+lQ2rH/hYSXd6sD+hfHHYSfo4BM=",
        "owner": "openwrt",
        "repo": "packages",
        "rev": "fe4c369692c67d5828460904172144da24de7207",
        "type": "github"
      },
      "original": {
        "owner": "openwrt",
        "repo": "packages",
        "type": "github"
      }
    },
    "openwrt-routing": {
      "flake": false,
      "locked": {
        "lastModified": 1771320806,
        "narHash": "sha256-NDfb5gfv08iO7ODEq+o5iXZudmmpScLM0DcHJEozfj0=",
        "owner": "openwrt",
        "repo": "routing",
        "rev": "6a5019a37b60cfee037877c28e8b91d686f52741",
        "type": "github"
      },
      "original": {
        "owner": "openwrt",
        "repo": "routing",
        "type": "github"
      }
    },
    "root": {
      "inputs": {
        "nixpkgs": "nixpkgs",
        "nss-packages": "nss-packages",
        "openwrt-luci": "openwrt-luci",
        "openwrt-packages": "openwrt-packages",
        "openwrt-routing": "openwrt-routing",
        "sqm-scripts-nss": "sqm-scripts-nss"
      }
    },
    "sqm-scripts-nss": {
      "flake": false,
      "locked": {
        "lastModified": 1715506581,
        "narHash": "sha256-o70tpGBilTTFgfKflUwfUYB8E1/Ri6SQDGtZCi3Zh68=",
        "owner": "qosmio",
        "repo": "sqm-scripts-nss",
        "rev": "4b4ed8639229be5e70cf94b73cdf7dbc09e66d5d",
        "type": "github"
      },
      "original": {
        "owner": "qosmio",
        "repo": "sqm-scripts-nss",
        "type": "github"
      }
    }
  },
  "root": "root",
  "version": 7
}
