{
  "nodes": {
    "luci-theme-argon": {
      "flake": false,
      "locked": {
        "lastModified": 1770113428,
        "narHash": "sha256-OyIfPB2c0YjrL4Zj7L8hqDbMKLtjNkW6UGqkySUrkEc=",
        "owner": "jerrykuku",
        "repo": "luci-theme-argon",
        "rev": "7aba78ccb84297496f63e1dacefe64c89d83d72e",
        "type": "github"
      },
      "original": {
        "owner": "jerrykuku",
        "repo": "luci-theme-argon",
        "type": "github"
      }
    },
    "nixpkgs": {
      "locked": {
        "lastModified": 1772198003,
        "narHash": "sha256-I45esRSssFtJ8p/gLHUZ1OUaaTaVLluNkABkk6arQwE=",
        "owner": "NixOS",
        "repo": "nixpkgs",
        "rev": "dd9b079222d43e1943b6ebd802f04fd959dc8e61",
        "type": "github"
      },
      "original": {
        "owner": "NixOS",
        "ref": "nixos-unstable",
        "repo": "nixpkgs",
        "type": "github"
      }
    },
    "nss-packages": {
      "flake": false,
      "locked": {
        "lastModified": 1767397179,
        "narHash": "sha256-EV/yaLHx31dcNAM1A6W6EiYzqhSYnEYXXl3uZCW1DZE=",
        "owner": "qosmio",
        "repo": "nss-packages",
        "rev": "0d970dbf0185e3f53709bd803e8a466598023c57",
        "type": "github"
      },
      "original": {
        "owner": "qosmio",
        "ref": "NSS-12.5-K6.x",
        "repo": "nss-packages",
        "type": "github"
      }
    },
    "openwrt-luci": {
      "flake": false,
      "locked": {
        "lastModified": 1772344593,
        "narHash": "sha256-0wzYQzvEPySty7SCo7xScURVErK0N718gpgDW1wh90I=",
        "owner": "openwrt",
        "repo": "luci",
        "rev": "c0e7f9b104ad298792ef295c6909a870665400f1",
        "type": "github"
      },
      "original": {
        "owner": "openwrt",
        "repo": "luci",
        "type": "github"
      }
    },
    "openwrt-packages": {
      "flake": false,
      "locked": {
        "lastModified": 1772347761,
        "narHash": "sha256-nFsbin7W3IfDS4mzPBeMOPd4vf/YkCsCoMa9NBgM1KM=",
        "owner": "openwrt",
        "repo": "packages",
        "rev": "b543052ae09d5575c8d6c537c71c38d608d5199f",
        "type": "github"
      },
      "original": {
        "owner": "openwrt",
        "repo": "packages",
        "type": "github"
      }
    },
    "openwrt-routing": {
      "flake": false,
      "locked": {
        "lastModified": 1772007502,
        "narHash": "sha256-TLEKu+cknWGtKGv2D4ju5PWDVQsZgXyMgMECyiGFh+Y=",
        "owner": "openwrt",
        "repo": "routing",
        "rev": "7c432d2e09a9c79a862c2d8c11725acee96f0334",
        "type": "github"
      },
      "original": {
        "owner": "openwrt",
        "repo": "routing",
        "type": "github"
      }
    },
    "openwrt-source": {
      "flake": false,
      "locked": {
        "lastModified": 1772318307,
        "narHash": "sha256-Z7atYs8k/h0gu/QBFRNhSUXalcOJGkJ0gUz91Wl6cHI=",
        "owner": "qosmio",
        "repo": "openwrt-ipq",
        "rev": "15c76d28bf917c29e76866c8974bdd8aa7578a24",
        "type": "github"
      },
      "original": {
        "owner": "qosmio",
        "ref": "main-nss",
        "repo": "openwrt-ipq",
        "type": "github"
      }
    },
    "root": {
      "inputs": {
        "luci-theme-argon": "luci-theme-argon",
        "nixpkgs": "nixpkgs",
        "nss-packages": "nss-packages",
        "openwrt-luci": "openwrt-luci",
        "openwrt-packages": "openwrt-packages",
        "openwrt-routing": "openwrt-routing",
        "openwrt-source": "openwrt-source",
        "sqm-scripts-nss": "sqm-scripts-nss"
      }
    },
    "sqm-scripts-nss": {
      "flake": false,
      "locked": {
        "lastModified": 1715506581,
        "narHash": "sha256-o70tpGBilTTFgfKflUwfUYB8E1/Ri6SQDGtZCi3Zh68=",
        "owner": "qosmio",
        "repo": "sqm-scripts-nss",
        "rev": "4b4ed8639229be5e70cf94b73cdf7dbc09e66d5d",
        "type": "github"
      },
      "original": {
        "owner": "qosmio",
        "repo": "sqm-scripts-nss",
        "type": "github"
      }
    }
  },
  "root": "root",
  "version": 7
}
